PODS:
  - SDWebImage (4.2.2):
    - SDWebImage/Core (= 4.2.2)
  - SDWebImage/Core (4.2.2)
  - UITableView+FDTemplateLayoutCell (1.6)

DEPENDENCIES:
  - SDWebImage
  - UITableView+FDTemplateLayoutCell (~> 1.6)

SPEC CHECKSUMS:
  SDWebImage: 89a9d32cd520bbb46eb14e541d5109b3564af198
  UITableView+FDTemplateLayoutCell: 5c949b4a5059c404b442926c0e80f81d10a2d66f

PODFILE CHECKSUM: 72263fa58f2c910808420d045129a4122b5c9f22

COCOAPODS: 1.2.1
