// !$*UTF8*$!
{
	archiveVersion = 1;
	classes = {
	};
	objectVersion = 48;
	objects = {

/* Begin PBXBuildFile section */
		4D9CEE4E20561C98006FD930 /* AppDelegate.m in Sources */ = {isa = PBXBuildFile; fileRef = 4D9CEE4D20561C98006FD930 /* AppDelegate.m */; };
		4D9CEE5120561C98006FD930 /* ViewController.m in Sources */ = {isa = PBXBuildFile; fileRef = 4D9CEE5020561C98006FD930 /* ViewController.m */; };
		4D9CEE5420561C98006FD930 /* Main.storyboard in Resources */ = {isa = PBXBuildFile; fileRef = 4D9CEE5220561C98006FD930 /* Main.storyboard */; };
		4D9CEE5620561C98006FD930 /* Assets.xcassets in Resources */ = {isa = PBXBuildFile; fileRef = 4D9CEE5520561C98006FD930 /* Assets.xcassets */; };
		4D9CEE5920561C98006FD930 /* LaunchScreen.storyboard in Resources */ = {isa = PBXBuildFile; fileRef = 4D9CEE5720561C98006FD930 /* LaunchScreen.storyboard */; };
		4D9CEE5C20561C98006FD930 /* main.m in Sources */ = {isa = PBXBuildFile; fileRef = 4D9CEE5B20561C98006FD930 /* main.m */; };
		4D9CEE6620561C98006FD930 /* Test1_FDTemplateLayoutCellTests.m in Sources */ = {isa = PBXBuildFile; fileRef = 4D9CEE6520561C98006FD930 /* Test1_FDTemplateLayoutCellTests.m */; };
		4D9CEE7120561C98006FD930 /* Test1_FDTemplateLayoutCellUITests.m in Sources */ = {isa = PBXBuildFile; fileRef = 4D9CEE7020561C98006FD930 /* Test1_FDTemplateLayoutCellUITests.m */; };
		4D9CEE8020561F45006FD930 /* TableViewController.m in Sources */ = {isa = PBXBuildFile; fileRef = 4D9CEE7F20561F45006FD930 /* TableViewController.m */; };
		4D9CEE8620562081006FD930 /* TableViewCell.m in Sources */ = {isa = PBXBuildFile; fileRef = 4D9CEE8520562081006FD930 /* TableViewCell.m */; };
		4D9CEEA220562110006FD930 /* MASCompositeConstraint.m in Sources */ = {isa = PBXBuildFile; fileRef = 4D9CEE8C20562110006FD930 /* MASCompositeConstraint.m */; };
		4D9CEEA320562110006FD930 /* MASConstraint.m in Sources */ = {isa = PBXBuildFile; fileRef = 4D9CEE8F20562110006FD930 /* MASConstraint.m */; };
		4D9CEEA420562110006FD930 /* MASConstraintMaker.m in Sources */ = {isa = PBXBuildFile; fileRef = 4D9CEE9120562110006FD930 /* MASConstraintMaker.m */; };
		4D9CEEA520562110006FD930 /* MASLayoutConstraint.m in Sources */ = {isa = PBXBuildFile; fileRef = 4D9CEE9320562110006FD930 /* MASLayoutConstraint.m */; };
		4D9CEEA620562110006FD930 /* MASViewAttribute.m in Sources */ = {isa = PBXBuildFile; fileRef = 4D9CEE9720562110006FD930 /* MASViewAttribute.m */; };
		4D9CEEA720562110006FD930 /* MASViewConstraint.m in Sources */ = {isa = PBXBuildFile; fileRef = 4D9CEE9920562110006FD930 /* MASViewConstraint.m */; };
		4D9CEEA820562110006FD930 /* NSArray+MASAdditions.m in Sources */ = {isa = PBXBuildFile; fileRef = 4D9CEE9B20562110006FD930 /* NSArray+MASAdditions.m */; };
		4D9CEEA920562110006FD930 /* NSLayoutConstraint+MASDebugAdditions.m in Sources */ = {isa = PBXBuildFile; fileRef = 4D9CEE9E20562110006FD930 /* NSLayoutConstraint+MASDebugAdditions.m */; };
		4D9CEEAA20562110006FD930 /* View+MASAdditions.m in Sources */ = {isa = PBXBuildFile; fileRef = 4D9CEEA020562110006FD930 /* View+MASAdditions.m */; };
		9ABB2FC230C89F6E14DAF24D /* libPods-Test1-FDTemplateLayoutCell.a in Frameworks */ = {isa = PBXBuildFile; fileRef = CD4850D3047CAB07B260FEFA /* libPods-Test1-FDTemplateLayoutCell.a */; };
/* End PBXBuildFile section */

/* Begin PBXContainerItemProxy section */
		4D9CEE6220561C98006FD930 /* PBXContainerItemProxy */ = {
			isa = PBXContainerItemProxy;
			containerPortal = 4D9CEE4120561C98006FD930 /* Project object */;
			proxyType = 1;
			remoteGlobalIDString = 4D9CEE4820561C98006FD930;
			remoteInfo = "Test1-FDTemplateLayoutCell";
		};
		4D9CEE6D20561C98006FD930 /* PBXContainerItemProxy */ = {
			isa = PBXContainerItemProxy;
			containerPortal = 4D9CEE4120561C98006FD930 /* Project object */;
			proxyType = 1;
			remoteGlobalIDString = 4D9CEE4820561C98006FD930;
			remoteInfo = "Test1-FDTemplateLayoutCell";
		};
/* End PBXContainerItemProxy section */

/* Begin PBXFileReference section */
		3C1AE2B1DDBC32D33EE13291 /* Pods-Test1-FDTemplateLayoutCell.debug.xcconfig */ = {isa = PBXFileReference; includeInIndex = 1; lastKnownFileType = text.xcconfig; name = "Pods-Test1-FDTemplateLayoutCell.debug.xcconfig"; path = "Pods/Target Support Files/Pods-Test1-FDTemplateLayoutCell/Pods-Test1-FDTemplateLayoutCell.debug.xcconfig"; sourceTree = "<group>"; };
		4D9CEE4920561C98006FD930 /* Test1-FDTemplateLayoutCell.app */ = {isa = PBXFileReference; explicitFileType = wrapper.application; includeInIndex = 0; path = "Test1-FDTemplateLayoutCell.app"; sourceTree = BUILT_PRODUCTS_DIR; };
		4D9CEE4C20561C98006FD930 /* AppDelegate.h */ = {isa = PBXFileReference; lastKnownFileType = sourcecode.c.h; path = AppDelegate.h; sourceTree = "<group>"; };
		4D9CEE4D20561C98006FD930 /* AppDelegate.m */ = {isa = PBXFileReference; lastKnownFileType = sourcecode.c.objc; path = AppDelegate.m; sourceTree = "<group>"; };
		4D9CEE4F20561C98006FD930 /* ViewController.h */ = {isa = PBXFileReference; lastKnownFileType = sourcecode.c.h; path = ViewController.h; sourceTree = "<group>"; };
		4D9CEE5020561C98006FD930 /* ViewController.m */ = {isa = PBXFileReference; lastKnownFileType = sourcecode.c.objc; path = ViewController.m; sourceTree = "<group>"; };
		4D9CEE5320561C98006FD930 /* Base */ = {isa = PBXFileReference; lastKnownFileType = file.storyboard; name = Base; path = Base.lproj/Main.storyboard; sourceTree = "<group>"; };
		4D9CEE5520561C98006FD930 /* Assets.xcassets */ = {isa = PBXFileReference; lastKnownFileType = folder.assetcatalog; path = Assets.xcassets; sourceTree = "<group>"; };
		4D9CEE5820561C98006FD930 /* Base */ = {isa = PBXFileReference; lastKnownFileType = file.storyboard; name = Base; path = Base.lproj/LaunchScreen.storyboard; sourceTree = "<group>"; };
		4D9CEE5A20561C98006FD930 /* Info.plist */ = {isa = PBXFileReference; lastKnownFileType = text.plist.xml; path = Info.plist; sourceTree = "<group>"; };
		4D9CEE5B20561C98006FD930 /* main.m */ = {isa = PBXFileReference; lastKnownFileType = sourcecode.c.objc; path = main.m; sourceTree = "<group>"; };
		4D9CEE6120561C98006FD930 /* Test1-FDTemplateLayoutCellTests.xctest */ = {isa = PBXFileReference; explicitFileType = wrapper.cfbundle; includeInIndex = 0; path = "Test1-FDTemplateLayoutCellTests.xctest"; sourceTree = BUILT_PRODUCTS_DIR; };
		4D9CEE6520561C98006FD930 /* Test1_FDTemplateLayoutCellTests.m */ = {isa = PBXFileReference; lastKnownFileType = sourcecode.c.objc; path = Test1_FDTemplateLayoutCellTests.m; sourceTree = "<group>"; };
		4D9CEE6720561C98006FD930 /* Info.plist */ = {isa = PBXFileReference; lastKnownFileType = text.plist.xml; path = Info.plist; sourceTree = "<group>"; };
		4D9CEE6C20561C98006FD930 /* Test1-FDTemplateLayoutCellUITests.xctest */ = {isa = PBXFileReference; explicitFileType = wrapper.cfbundle; includeInIndex = 0; path = "Test1-FDTemplateLayoutCellUITests.xctest"; sourceTree = BUILT_PRODUCTS_DIR; };
		4D9CEE7020561C98006FD930 /* Test1_FDTemplateLayoutCellUITests.m */ = {isa = PBXFileReference; lastKnownFileType = sourcecode.c.objc; path = Test1_FDTemplateLayoutCellUITests.m; sourceTree = "<group>"; };
		4D9CEE7220561C98006FD930 /* Info.plist */ = {isa = PBXFileReference; lastKnownFileType = text.plist.xml; path = Info.plist; sourceTree = "<group>"; };
		4D9CEE7E20561F45006FD930 /* TableViewController.h */ = {isa = PBXFileReference; lastKnownFileType = sourcecode.c.h; path = TableViewController.h; sourceTree = "<group>"; };
		4D9CEE7F20561F45006FD930 /* TableViewController.m */ = {isa = PBXFileReference; lastKnownFileType = sourcecode.c.objc; path = TableViewController.m; sourceTree = "<group>"; };
		4D9CEE8420562081006FD930 /* TableViewCell.h */ = {isa = PBXFileReference; lastKnownFileType = sourcecode.c.h; path = TableViewCell.h; sourceTree = "<group>"; };
		4D9CEE8520562081006FD930 /* TableViewCell.m */ = {isa = PBXFileReference; lastKnownFileType = sourcecode.c.objc; path = TableViewCell.m; sourceTree = "<group>"; };
		4D9CEE8B20562110006FD930 /* MASCompositeConstraint.h */ = {isa = PBXFileReference; fileEncoding = 4; lastKnownFileType = sourcecode.c.h; path = MASCompositeConstraint.h; sourceTree = "<group>"; };
		4D9CEE8C20562110006FD930 /* MASCompositeConstraint.m */ = {isa = PBXFileReference; fileEncoding = 4; lastKnownFileType = sourcecode.c.objc; path = MASCompositeConstraint.m; sourceTree = "<group>"; };
		4D9CEE8D20562110006FD930 /* MASConstraint+Private.h */ = {isa = PBXFileReference; fileEncoding = 4; lastKnownFileType = sourcecode.c.h; path = "MASConstraint+Private.h"; sourceTree = "<group>"; };
		4D9CEE8E20562110006FD930 /* MASConstraint.h */ = {isa = PBXFileReference; fileEncoding = 4; lastKnownFileType = sourcecode.c.h; path = MASConstraint.h; sourceTree = "<group>"; };
		4D9CEE8F20562110006FD930 /* MASConstraint.m */ = {isa = PBXFileReference; fileEncoding = 4; lastKnownFileType = sourcecode.c.objc; path = MASConstraint.m; sourceTree = "<group>"; };
		4D9CEE9020562110006FD930 /* MASConstraintMaker.h */ = {isa = PBXFileReference; fileEncoding = 4; lastKnownFileType = sourcecode.c.h; path = MASConstraintMaker.h; sourceTree = "<group>"; };
		4D9CEE9120562110006FD930 /* MASConstraintMaker.m */ = {isa = PBXFileReference; fileEncoding = 4; lastKnownFileType = sourcecode.c.objc; path = MASConstraintMaker.m; sourceTree = "<group>"; };
		4D9CEE9220562110006FD930 /* MASLayoutConstraint.h */ = {isa = PBXFileReference; fileEncoding = 4; lastKnownFileType = sourcecode.c.h; path = MASLayoutConstraint.h; sourceTree = "<group>"; };
		4D9CEE9320562110006FD930 /* MASLayoutConstraint.m */ = {isa = PBXFileReference; fileEncoding = 4; lastKnownFileType = sourcecode.c.objc; path = MASLayoutConstraint.m; sourceTree = "<group>"; };
		4D9CEE9420562110006FD930 /* Masonry.h */ = {isa = PBXFileReference; fileEncoding = 4; lastKnownFileType = sourcecode.c.h; path = Masonry.h; sourceTree = "<group>"; };
		4D9CEE9520562110006FD930 /* MASUtilities.h */ = {isa = PBXFileReference; fileEncoding = 4; lastKnownFileType = sourcecode.c.h; path = MASUtilities.h; sourceTree = "<group>"; };
		4D9CEE9620562110006FD930 /* MASViewAttribute.h */ = {isa = PBXFileReference; fileEncoding = 4; lastKnownFileType = sourcecode.c.h; path = MASViewAttribute.h; sourceTree = "<group>"; };
		4D9CEE9720562110006FD930 /* MASViewAttribute.m */ = {isa = PBXFileReference; fileEncoding = 4; lastKnownFileType = sourcecode.c.objc; path = MASViewAttribute.m; sourceTree = "<group>"; };
		4D9CEE9820562110006FD930 /* MASViewConstraint.h */ = {isa = PBXFileReference; fileEncoding = 4; lastKnownFileType = sourcecode.c.h; path = MASViewConstraint.h; sourceTree = "<group>"; };
		4D9CEE9920562110006FD930 /* MASViewConstraint.m */ = {isa = PBXFileReference; fileEncoding = 4; lastKnownFileType = sourcecode.c.objc; path = MASViewConstraint.m; sourceTree = "<group>"; };
		4D9CEE9A20562110006FD930 /* NSArray+MASAdditions.h */ = {isa = PBXFileReference; fileEncoding = 4; lastKnownFileType = sourcecode.c.h; path = "NSArray+MASAdditions.h"; sourceTree = "<group>"; };
		4D9CEE9B20562110006FD930 /* NSArray+MASAdditions.m */ = {isa = PBXFileReference; fileEncoding = 4; lastKnownFileType = sourcecode.c.objc; path = "NSArray+MASAdditions.m"; sourceTree = "<group>"; };
		4D9CEE9C20562110006FD930 /* NSArray+MASShorthandAdditions.h */ = {isa = PBXFileReference; fileEncoding = 4; lastKnownFileType = sourcecode.c.h; path = "NSArray+MASShorthandAdditions.h"; sourceTree = "<group>"; };
		4D9CEE9D20562110006FD930 /* NSLayoutConstraint+MASDebugAdditions.h */ = {isa = PBXFileReference; fileEncoding = 4; lastKnownFileType = sourcecode.c.h; path = "NSLayoutConstraint+MASDebugAdditions.h"; sourceTree = "<group>"; };
		4D9CEE9E20562110006FD930 /* NSLayoutConstraint+MASDebugAdditions.m */ = {isa = PBXFileReference; fileEncoding = 4; lastKnownFileType = sourcecode.c.objc; path = "NSLayoutConstraint+MASDebugAdditions.m"; sourceTree = "<group>"; };
		4D9CEE9F20562110006FD930 /* View+MASAdditions.h */ = {isa = PBXFileReference; fileEncoding = 4; lastKnownFileType = sourcecode.c.h; path = "View+MASAdditions.h"; sourceTree = "<group>"; };
		4D9CEEA020562110006FD930 /* View+MASAdditions.m */ = {isa = PBXFileReference; fileEncoding = 4; lastKnownFileType = sourcecode.c.objc; path = "View+MASAdditions.m"; sourceTree = "<group>"; };
		4D9CEEA120562110006FD930 /* View+MASShorthandAdditions.h */ = {isa = PBXFileReference; fileEncoding = 4; lastKnownFileType = sourcecode.c.h; path = "View+MASShorthandAdditions.h"; sourceTree = "<group>"; };
		CD4850D3047CAB07B260FEFA /* libPods-Test1-FDTemplateLayoutCell.a */ = {isa = PBXFileReference; explicitFileType = archive.ar; includeInIndex = 0; path = "libPods-Test1-FDTemplateLayoutCell.a"; sourceTree = BUILT_PRODUCTS_DIR; };
		E588F8EDA82FB9EA41736C92 /* Pods-Test1-FDTemplateLayoutCell.release.xcconfig */ = {isa = PBXFileReference; includeInIndex = 1; lastKnownFileType = text.xcconfig; name = "Pods-Test1-FDTemplateLayoutCell.release.xcconfig"; path = "Pods/Target Support Files/Pods-Test1-FDTemplateLayoutCell/Pods-Test1-FDTemplateLayoutCell.release.xcconfig"; sourceTree = "<group>"; };
/* End PBXFileReference section */

/* Begin PBXFrameworksBuildPhase section */
		4D9CEE4620561C98006FD930 /* Frameworks */ = {
			isa = PBXFrameworksBuildPhase;
			buildActionMask = 2147483647;
			files = (
				9ABB2FC230C89F6E14DAF24D /* libPods-Test1-FDTemplateLayoutCell.a in Frameworks */,
			);
			runOnlyForDeploymentPostprocessing = 0;
		};
		4D9CEE5E20561C98006FD930 /* Frameworks */ = {
			isa = PBXFrameworksBuildPhase;
			buildActionMask = 2147483647;
			files = (
			);
			runOnlyForDeploymentPostprocessing = 0;
		};
		4D9CEE6920561C98006FD930 /* Frameworks */ = {
			isa = PBXFrameworksBuildPhase;
			buildActionMask = 2147483647;
			files = (
			);
			runOnlyForDeploymentPostprocessing = 0;
		};
/* End PBXFrameworksBuildPhase section */

/* Begin PBXGroup section */
		4D9CEE4020561C98006FD930 = {
			isa = PBXGroup;
			children = (
				4D9CEE4B20561C98006FD930 /* Test1-FDTemplateLayoutCell */,
				4D9CEE6420561C98006FD930 /* Test1-FDTemplateLayoutCellTests */,
				4D9CEE6F20561C98006FD930 /* Test1-FDTemplateLayoutCellUITests */,
				4D9CEE4A20561C98006FD930 /* Products */,
				ED01FF547B8154489EE66F2C /* Pods */,
				AB951DADB4FE49A381B2D42E /* Frameworks */,
			);
			sourceTree = "<group>";
		};
		4D9CEE4A20561C98006FD930 /* Products */ = {
			isa = PBXGroup;
			children = (
				4D9CEE4920561C98006FD930 /* Test1-FDTemplateLayoutCell.app */,
				4D9CEE6120561C98006FD930 /* Test1-FDTemplateLayoutCellTests.xctest */,
				4D9CEE6C20561C98006FD930 /* Test1-FDTemplateLayoutCellUITests.xctest */,
			);
			name = Products;
			sourceTree = "<group>";
		};
		4D9CEE4B20561C98006FD930 /* Test1-FDTemplateLayoutCell */ = {
			isa = PBXGroup;
			children = (
				4D9CEE8A20562110006FD930 /* Masonry */,
				4D9CEE4C20561C98006FD930 /* AppDelegate.h */,
				4D9CEE4D20561C98006FD930 /* AppDelegate.m */,
				4D9CEE4F20561C98006FD930 /* ViewController.h */,
				4D9CEE5020561C98006FD930 /* ViewController.m */,
				4D9CEE7E20561F45006FD930 /* TableViewController.h */,
				4D9CEE7F20561F45006FD930 /* TableViewController.m */,
				4D9CEE8420562081006FD930 /* TableViewCell.h */,
				4D9CEE8520562081006FD930 /* TableViewCell.m */,
				4D9CEE5220561C98006FD930 /* Main.storyboard */,
				4D9CEE5520561C98006FD930 /* Assets.xcassets */,
				4D9CEE5720561C98006FD930 /* LaunchScreen.storyboard */,
				4D9CEE5A20561C98006FD930 /* Info.plist */,
				4D9CEE5B20561C98006FD930 /* main.m */,
			);
			path = "Test1-FDTemplateLayoutCell";
			sourceTree = "<group>";
		};
		4D9CEE6420561C98006FD930 /* Test1-FDTemplateLayoutCellTests */ = {
			isa = PBXGroup;
			children = (
				4D9CEE6520561C98006FD930 /* Test1_FDTemplateLayoutCellTests.m */,
				4D9CEE6720561C98006FD930 /* Info.plist */,
			);
			path = "Test1-FDTemplateLayoutCellTests";
			sourceTree = "<group>";
		};
		4D9CEE6F20561C98006FD930 /* Test1-FDTemplateLayoutCellUITests */ = {
			isa = PBXGroup;
			children = (
				4D9CEE7020561C98006FD930 /* Test1_FDTemplateLayoutCellUITests.m */,
				4D9CEE7220561C98006FD930 /* Info.plist */,
			);
			path = "Test1-FDTemplateLayoutCellUITests";
			sourceTree = "<group>";
		};
		4D9CEE8A20562110006FD930 /* Masonry */ = {
			isa = PBXGroup;
			children = (
				4D9CEE8B20562110006FD930 /* MASCompositeConstraint.h */,
				4D9CEE8C20562110006FD930 /* MASCompositeConstraint.m */,
				4D9CEE8D20562110006FD930 /* MASConstraint+Private.h */,
				4D9CEE8E20562110006FD930 /* MASConstraint.h */,
				4D9CEE8F20562110006FD930 /* MASConstraint.m */,
				4D9CEE9020562110006FD930 /* MASConstraintMaker.h */,
				4D9CEE9120562110006FD930 /* MASConstraintMaker.m */,
				4D9CEE9220562110006FD930 /* MASLayoutConstraint.h */,
				4D9CEE9320562110006FD930 /* MASLayoutConstraint.m */,
				4D9CEE9420562110006FD930 /* Masonry.h */,
				4D9CEE9520562110006FD930 /* MASUtilities.h */,
				4D9CEE9620562110006FD930 /* MASViewAttribute.h */,
				4D9CEE9720562110006FD930 /* MASViewAttribute.m */,
				4D9CEE9820562110006FD930 /* MASViewConstraint.h */,
				4D9CEE9920562110006FD930 /* MASViewConstraint.m */,
				4D9CEE9A20562110006FD930 /* NSArray+MASAdditions.h */,
				4D9CEE9B20562110006FD930 /* NSArray+MASAdditions.m */,
				4D9CEE9C20562110006FD930 /* NSArray+MASShorthandAdditions.h */,
				4D9CEE9D20562110006FD930 /* NSLayoutConstraint+MASDebugAdditions.h */,
				4D9CEE9E20562110006FD930 /* NSLayoutConstraint+MASDebugAdditions.m */,
				4D9CEE9F20562110006FD930 /* View+MASAdditions.h */,
				4D9CEEA020562110006FD930 /* View+MASAdditions.m */,
				4D9CEEA120562110006FD930 /* View+MASShorthandAdditions.h */,
			);
			path = Masonry;
			sourceTree = "<group>";
		};
		AB951DADB4FE49A381B2D42E /* Frameworks */ = {
			isa = PBXGroup;
			children = (
				CD4850D3047CAB07B260FEFA /* libPods-Test1-FDTemplateLayoutCell.a */,
			);
			name = Frameworks;
			sourceTree = "<group>";
		};
		ED01FF547B8154489EE66F2C /* Pods */ = {
			isa = PBXGroup;
			children = (
				3C1AE2B1DDBC32D33EE13291 /* Pods-Test1-FDTemplateLayoutCell.debug.xcconfig */,
				E588F8EDA82FB9EA41736C92 /* Pods-Test1-FDTemplateLayoutCell.release.xcconfig */,
			);
			name = Pods;
			sourceTree = "<group>";
		};
/* End PBXGroup section */

/* Begin PBXNativeTarget section */
		4D9CEE4820561C98006FD930 /* Test1-FDTemplateLayoutCell */ = {
			isa = PBXNativeTarget;
			buildConfigurationList = 4D9CEE7520561C98006FD930 /* Build configuration list for PBXNativeTarget "Test1-FDTemplateLayoutCell" */;
			buildPhases = (
				2AB9F9E6B86DD21D20A372FB /* [CP] Check Pods Manifest.lock */,
				4D9CEE4520561C98006FD930 /* Sources */,
				4D9CEE4620561C98006FD930 /* Frameworks */,
				4D9CEE4720561C98006FD930 /* Resources */,
				BBE58F24FB4062CEF516D096 /* [CP] Embed Pods Frameworks */,
				038F9C999E7A65C9867763A0 /* [CP] Copy Pods Resources */,
			);
			buildRules = (
			);
			dependencies = (
			);
			name = "Test1-FDTemplateLayoutCell";
			productName = "Test1-FDTemplateLayoutCell";
			productReference = 4D9CEE4920561C98006FD930 /* Test1-FDTemplateLayoutCell.app */;
			productType = "com.apple.product-type.application";
		};
		4D9CEE6020561C98006FD930 /* Test1-FDTemplateLayoutCellTests */ = {
			isa = PBXNativeTarget;
			buildConfigurationList = 4D9CEE7820561C98006FD930 /* Build configuration list for PBXNativeTarget "Test1-FDTemplateLayoutCellTests" */;
			buildPhases = (
				4D9CEE5D20561C98006FD930 /* Sources */,
				4D9CEE5E20561C98006FD930 /* Frameworks */,
				4D9CEE5F20561C98006FD930 /* Resources */,
			);
			buildRules = (
			);
			dependencies = (
				4D9CEE6320561C98006FD930 /* PBXTargetDependency */,
			);
			name = "Test1-FDTemplateLayoutCellTests";
			productName = "Test1-FDTemplateLayoutCellTests";
			productReference = 4D9CEE6120561C98006FD930 /* Test1-FDTemplateLayoutCellTests.xctest */;
			productType = "com.apple.product-type.bundle.unit-test";
		};
		4D9CEE6B20561C98006FD930 /* Test1-FDTemplateLayoutCellUITests */ = {
			isa = PBXNativeTarget;
			buildConfigurationList = 4D9CEE7B20561C98006FD930 /* Build configuration list for PBXNativeTarget "Test1-FDTemplateLayoutCellUITests" */;
			buildPhases = (
				4D9CEE6820561C98006FD930 /* Sources */,
				4D9CEE6920561C98006FD930 /* Frameworks */,
				4D9CEE6A20561C98006FD930 /* Resources */,
			);
			buildRules = (
			);
			dependencies = (
				4D9CEE6E20561C98006FD930 /* PBXTargetDependency */,
			);
			name = "Test1-FDTemplateLayoutCellUITests";
			productName = "Test1-FDTemplateLayoutCellUITests";
			productReference = 4D9CEE6C20561C98006FD930 /* Test1-FDTemplateLayoutCellUITests.xctest */;
			productType = "com.apple.product-type.bundle.ui-testing";
		};
/* End PBXNativeTarget section */

/* Begin PBXProject section */
		4D9CEE4120561C98006FD930 /* Project object */ = {
			isa = PBXProject;
			attributes = {
				LastUpgradeCheck = 0920;
				ORGANIZATIONNAME = ZZCN77;
				TargetAttributes = {
					4D9CEE4820561C98006FD930 = {
						CreatedOnToolsVersion = 9.2;
						ProvisioningStyle = Automatic;
					};
					4D9CEE6020561C98006FD930 = {
						CreatedOnToolsVersion = 9.2;
						ProvisioningStyle = Automatic;
						TestTargetID = 4D9CEE4820561C98006FD930;
					};
					4D9CEE6B20561C98006FD930 = {
						CreatedOnToolsVersion = 9.2;
						ProvisioningStyle = Automatic;
						TestTargetID = 4D9CEE4820561C98006FD930;
					};
				};
			};
			buildConfigurationList = 4D9CEE4420561C98006FD930 /* Build configuration list for PBXProject "Test1-FDTemplateLayoutCell" */;
			compatibilityVersion = "Xcode 8.0";
			developmentRegion = en;
			hasScannedForEncodings = 0;
			knownRegions = (
				en,
				Base,
			);
			mainGroup = 4D9CEE4020561C98006FD930;
			productRefGroup = 4D9CEE4A20561C98006FD930 /* Products */;
			projectDirPath = "";
			projectRoot = "";
			targets = (
				4D9CEE4820561C98006FD930 /* Test1-FDTemplateLayoutCell */,
				4D9CEE6020561C98006FD930 /* Test1-FDTemplateLayoutCellTests */,
				4D9CEE6B20561C98006FD930 /* Test1-FDTemplateLayoutCellUITests */,
			);
		};
/* End PBXProject section */

/* Begin PBXResourcesBuildPhase section */
		4D9CEE4720561C98006FD930 /* Resources */ = {
			isa = PBXResourcesBuildPhase;
			buildActionMask = 2147483647;
			files = (
				4D9CEE5920561C98006FD930 /* LaunchScreen.storyboard in Resources */,
				4D9CEE5620561C98006FD930 /* Assets.xcassets in Resources */,
				4D9CEE5420561C98006FD930 /* Main.storyboard in Resources */,
			);
			runOnlyForDeploymentPostprocessing = 0;
		};
		4D9CEE5F20561C98006FD930 /* Resources */ = {
			isa = PBXResourcesBuildPhase;
			buildActionMask = 2147483647;
			files = (
			);
			runOnlyForDeploymentPostprocessing = 0;
		};
		4D9CEE6A20561C98006FD930 /* Resources */ = {
			isa = PBXResourcesBuildPhase;
			buildActionMask = 2147483647;
			files = (
			);
			runOnlyForDeploymentPostprocessing = 0;
		};
/* End PBXResourcesBuildPhase section */

/* Begin PBXShellScriptBuildPhase section */
		038F9C999E7A65C9867763A0 /* [CP] Copy Pods Resources */ = {
			isa = PBXShellScriptBuildPhase;
			buildActionMask = 2147483647;
			files = (
			);
			inputPaths = (
			);
			name = "[CP] Copy Pods Resources";
			outputPaths = (
			);
			runOnlyForDeploymentPostprocessing = 0;
			shellPath = /bin/sh;
			shellScript = "\"${SRCROOT}/Pods/Target Support Files/Pods-Test1-FDTemplateLayoutCell/Pods-Test1-FDTemplateLayoutCell-resources.sh\"\n";
			showEnvVarsInLog = 0;
		};
		2AB9F9E6B86DD21D20A372FB /* [CP] Check Pods Manifest.lock */ = {
			isa = PBXShellScriptBuildPhase;
			buildActionMask = 2147483647;
			files = (
			);
			inputPaths = (
			);
			name = "[CP] Check Pods Manifest.lock";
			outputPaths = (
			);
			runOnlyForDeploymentPostprocessing = 0;
			shellPath = /bin/sh;
			shellScript = "diff \"${PODS_PODFILE_DIR_PATH}/Podfile.lock\" \"${PODS_ROOT}/Manifest.lock\" > /dev/null\nif [ $? != 0 ] ; then\n    # print error to STDERR\n    echo \"error: The sandbox is not in sync with the Podfile.lock. Run 'pod install' or update your CocoaPods installation.\" >&2\n    exit 1\nfi\n";
			showEnvVarsInLog = 0;
		};
		BBE58F24FB4062CEF516D096 /* [CP] Embed Pods Frameworks */ = {
			isa = PBXShellScriptBuildPhase;
			buildActionMask = 2147483647;
			files = (
			);
			inputPaths = (
			);
			name = "[CP] Embed Pods Frameworks";
			outputPaths = (
			);
			runOnlyForDeploymentPostprocessing = 0;
			shellPath = /bin/sh;
			shellScript = "\"${SRCROOT}/Pods/Target Support Files/Pods-Test1-FDTemplateLayoutCell/Pods-Test1-FDTemplateLayoutCell-frameworks.sh\"\n";
			showEnvVarsInLog = 0;
		};
/* End PBXShellScriptBuildPhase section */

/* Begin PBXSourcesBuildPhase section */
		4D9CEE4520561C98006FD930 /* Sources */ = {
			isa = PBXSourcesBuildPhase;
			buildActionMask = 2147483647;
			files = (
				4D9CEEA820562110006FD930 /* NSArray+MASAdditions.m in Sources */,
				4D9CEEA720562110006FD930 /* MASViewConstraint.m in Sources */,
				4D9CEE5120561C98006FD930 /* ViewController.m in Sources */,
				4D9CEEA420562110006FD930 /* MASConstraintMaker.m in Sources */,
				4D9CEEAA20562110006FD930 /* View+MASAdditions.m in Sources */,
				4D9CEE8620562081006FD930 /* TableViewCell.m in Sources */,
				4D9CEEA320562110006FD930 /* MASConstraint.m in Sources */,
				4D9CEE5C20561C98006FD930 /* main.m in Sources */,
				4D9CEEA620562110006FD930 /* MASViewAttribute.m in Sources */,
				4D9CEEA920562110006FD930 /* NSLayoutConstraint+MASDebugAdditions.m in Sources */,
				4D9CEE4E20561C98006FD930 /* AppDelegate.m in Sources */,
				4D9CEEA220562110006FD930 /* MASCompositeConstraint.m in Sources */,
				4D9CEEA520562110006FD930 /* MASLayoutConstraint.m in Sources */,
				4D9CEE8020561F45006FD930 /* TableViewController.m in Sources */,
			);
			runOnlyForDeploymentPostprocessing = 0;
		};
		4D9CEE5D20561C98006FD930 /* Sources */ = {
			isa = PBXSourcesBuildPhase;
			buildActionMask = 2147483647;
			files = (
				4D9CEE6620561C98006FD930 /* Test1_FDTemplateLayoutCellTests.m in Sources */,
			);
			runOnlyForDeploymentPostprocessing = 0;
		};
		4D9CEE6820561C98006FD930 /* Sources */ = {
			isa = PBXSourcesBuildPhase;
			buildActionMask = 2147483647;
			files = (
				4D9CEE7120561C98006FD930 /* Test1_FDTemplateLayoutCellUITests.m in Sources */,
			);
			runOnlyForDeploymentPostprocessing = 0;
		};
/* End PBXSourcesBuildPhase section */

/* Begin PBXTargetDependency section */
		4D9CEE6320561C98006FD930 /* PBXTargetDependency */ = {
			isa = PBXTargetDependency;
			target = 4D9CEE4820561C98006FD930 /* Test1-FDTemplateLayoutCell */;
			targetProxy = 4D9CEE6220561C98006FD930 /* PBXContainerItemProxy */;
		};
		4D9CEE6E20561C98006FD930 /* PBXTargetDependency */ = {
			isa = PBXTargetDependency;
			target = 4D9CEE4820561C98006FD930 /* Test1-FDTemplateLayoutCell */;
			targetProxy = 4D9CEE6D20561C98006FD930 /* PBXContainerItemProxy */;
		};
/* End PBXTargetDependency section */

/* Begin PBXVariantGroup section */
		4D9CEE5220561C98006FD930 /* Main.storyboard */ = {
			isa = PBXVariantGroup;
			children = (
				4D9CEE5320561C98006FD930 /* Base */,
			);
			name = Main.storyboard;
			sourceTree = "<group>";
		};
		4D9CEE5720561C98006FD930 /* LaunchScreen.storyboard */ = {
			isa = PBXVariantGroup;
			children = (
				4D9CEE5820561C98006FD930 /* Base */,
			);
			name = LaunchScreen.storyboard;
			sourceTree = "<group>";
		};
/* End PBXVariantGroup section */

/* Begin XCBuildConfiguration section */
		4D9CEE7320561C98006FD930 /* Debug */ = {
			isa = XCBuildConfiguration;
			buildSettings = {
				ALWAYS_SEARCH_USER_PATHS = NO;
				CLANG_ANALYZER_NONNULL = YES;
				CLANG_ANALYZER_NUMBER_OBJECT_CONVERSION = YES_AGGRESSIVE;
				CLANG_CXX_LANGUAGE_STANDARD = "gnu++14";
				CLANG_CXX_LIBRARY = "libc++";
				CLANG_ENABLE_MODULES = YES;
				CLANG_ENABLE_OBJC_ARC = YES;
				CLANG_WARN_BLOCK_CAPTURE_AUTORELEASING = YES;
				CLANG_WARN_BOOL_CONVERSION = YES;
				CLANG_WARN_COMMA = YES;
				CLANG_WARN_CONSTANT_CONVERSION = YES;
				CLANG_WARN_DIRECT_OBJC_ISA_USAGE = YES_ERROR;
				CLANG_WARN_DOCUMENTATION_COMMENTS = YES;
				CLANG_WARN_EMPTY_BODY = YES;
				CLANG_WARN_ENUM_CONVERSION = YES;
				CLANG_WARN_INFINITE_RECURSION = YES;
				CLANG_WARN_INT_CONVERSION = YES;
				CLANG_WARN_NON_LITERAL_NULL_CONVERSION = YES;
				CLANG_WARN_OBJC_LITERAL_CONVERSION = YES;
				CLANG_WARN_OBJC_ROOT_CLASS = YES_ERROR;
				CLANG_WARN_RANGE_LOOP_ANALYSIS = YES;
				CLANG_WARN_STRICT_PROTOTYPES = YES;
				CLANG_WARN_SUSPICIOUS_MOVE = YES;
				CLANG_WARN_UNGUARDED_AVAILABILITY = YES_AGGRESSIVE;
				CLANG_WARN_UNREACHABLE_CODE = YES;
				CLANG_WARN__DUPLICATE_METHOD_MATCH = YES;
				CODE_SIGN_IDENTITY = "iPhone Developer";
				COPY_PHASE_STRIP = NO;
				DEBUG_INFORMATION_FORMAT = dwarf;
				ENABLE_STRICT_OBJC_MSGSEND = YES;
				ENABLE_TESTABILITY = YES;
				GCC_C_LANGUAGE_STANDARD = gnu11;
				GCC_DYNAMIC_NO_PIC = NO;
				GCC_NO_COMMON_BLOCKS = YES;
				GCC_OPTIMIZATION_LEVEL = 0;
				GCC_PREPROCESSOR_DEFINITIONS = (
					"DEBUG=1",
					"$(inherited)",
				);
				GCC_WARN_64_TO_32_BIT_CONVERSION = YES;
				GCC_WARN_ABOUT_RETURN_TYPE = YES_ERROR;
				GCC_WARN_UNDECLARED_SELECTOR = YES;
				GCC_WARN_UNINITIALIZED_AUTOS = YES_AGGRESSIVE;
				GCC_WARN_UNUSED_FUNCTION = YES;
				GCC_WARN_UNUSED_VARIABLE = YES;
				IPHONEOS_DEPLOYMENT_TARGET = 11.2;
				MTL_ENABLE_DEBUG_INFO = YES;
				ONLY_ACTIVE_ARCH = YES;
				SDKROOT = iphoneos;
			};
			name = Debug;
		};
		4D9CEE7420561C98006FD930 /* Release */ = {
			isa = XCBuildConfiguration;
			buildSettings = {
				ALWAYS_SEARCH_USER_PATHS = NO;
				CLANG_ANALYZER_NONNULL = YES;
				CLANG_ANALYZER_NUMBER_OBJECT_CONVERSION = YES_AGGRESSIVE;
				CLANG_CXX_LANGUAGE_STANDARD = "gnu++14";
				CLANG_CXX_LIBRARY = "libc++";
				CLANG_ENABLE_MODULES = YES;
				CLANG_ENABLE_OBJC_ARC = YES;
				CLANG_WARN_BLOCK_CAPTURE_AUTORELEASING = YES;
				CLANG_WARN_BOOL_CONVERSION = YES;
				CLANG_WARN_COMMA = YES;
				CLANG_WARN_CONSTANT_CONVERSION = YES;
				CLANG_WARN_DIRECT_OBJC_ISA_USAGE = YES_ERROR;
				CLANG_WARN_DOCUMENTATION_COMMENTS = YES;
				CLANG_WARN_EMPTY_BODY = YES;
				CLANG_WARN_ENUM_CONVERSION = YES;
				CLANG_WARN_INFINITE_RECURSION = YES;
				CLANG_WARN_INT_CONVERSION = YES;
				CLANG_WARN_NON_LITERAL_NULL_CONVERSION = YES;
				CLANG_WARN_OBJC_LITERAL_CONVERSION = YES;
				CLANG_WARN_OBJC_ROOT_CLASS = YES_ERROR;
				CLANG_WARN_RANGE_LOOP_ANALYSIS = YES;
				CLANG_WARN_STRICT_PROTOTYPES = YES;
				CLANG_WARN_SUSPICIOUS_MOVE = YES;
				CLANG_WARN_UNGUARDED_AVAILABILITY = YES_AGGRESSIVE;
				CLANG_WARN_UNREACHABLE_CODE = YES;
				CLANG_WARN__DUPLICATE_METHOD_MATCH = YES;
				CODE_SIGN_IDENTITY = "iPhone Developer";
				COPY_PHASE_STRIP = NO;
				DEBUG_INFORMATION_FORMAT = "dwarf-with-dsym";
				ENABLE_NS_ASSERTIONS = NO;
				ENABLE_STRICT_OBJC_MSGSEND = YES;
				GCC_C_LANGUAGE_STANDARD = gnu11;
				GCC_NO_COMMON_BLOCKS = YES;
				GCC_WARN_64_TO_32_BIT_CONVERSION = YES;
				GCC_WARN_ABOUT_RETURN_TYPE = YES_ERROR;
				GCC_WARN_UNDECLARED_SELECTOR = YES;
				GCC_WARN_UNINITIALIZED_AUTOS = YES_AGGRESSIVE;
				GCC_WARN_UNUSED_FUNCTION = YES;
				GCC_WARN_UNUSED_VARIABLE = YES;
				IPHONEOS_DEPLOYMENT_TARGET = 11.2;
				MTL_ENABLE_DEBUG_INFO = NO;
				SDKROOT = iphoneos;
				VALIDATE_PRODUCT = YES;
			};
			name = Release;
		};
		4D9CEE7620561C98006FD930 /* Debug */ = {
			isa = XCBuildConfiguration;
			baseConfigurationReference = 3C1AE2B1DDBC32D33EE13291 /* Pods-Test1-FDTemplateLayoutCell.debug.xcconfig */;
			buildSettings = {
				ASSETCATALOG_COMPILER_APPICON_NAME = AppIcon;
				CODE_SIGN_STYLE = Automatic;
				INFOPLIST_FILE = "Test1-FDTemplateLayoutCell/Info.plist";
				LD_RUNPATH_SEARCH_PATHS = "$(inherited) @executable_path/Frameworks";
				PRODUCT_BUNDLE_IDENTIFIER = "gfg.Test1-FDTemplateLayoutCell";
				PRODUCT_NAME = "$(TARGET_NAME)";
				TARGETED_DEVICE_FAMILY = "1,2";
			};
			name = Debug;
		};
		4D9CEE7720561C98006FD930 /* Release */ = {
			isa = XCBuildConfiguration;
			baseConfigurationReference = E588F8EDA82FB9EA41736C92 /* Pods-Test1-FDTemplateLayoutCell.release.xcconfig */;
			buildSettings = {
				ASSETCATALOG_COMPILER_APPICON_NAME = AppIcon;
				CODE_SIGN_STYLE = Automatic;
				INFOPLIST_FILE = "Test1-FDTemplateLayoutCell/Info.plist";
				LD_RUNPATH_SEARCH_PATHS = "$(inherited) @executable_path/Frameworks";
				PRODUCT_BUNDLE_IDENTIFIER = "gfg.Test1-FDTemplateLayoutCell";
				PRODUCT_NAME = "$(TARGET_NAME)";
				TARGETED_DEVICE_FAMILY = "1,2";
			};
			name = Release;
		};
		4D9CEE7920561C98006FD930 /* Debug */ = {
			isa = XCBuildConfiguration;
			buildSettings = {
				BUNDLE_LOADER = "$(TEST_HOST)";
				CODE_SIGN_STYLE = Automatic;
				INFOPLIST_FILE = "Test1-FDTemplateLayoutCellTests/Info.plist";
				LD_RUNPATH_SEARCH_PATHS = "$(inherited) @executable_path/Frameworks @loader_path/Frameworks";
				PRODUCT_BUNDLE_IDENTIFIER = "gfg.Test1-FDTemplateLayoutCellTests";
				PRODUCT_NAME = "$(TARGET_NAME)";
				TARGETED_DEVICE_FAMILY = "1,2";
				TEST_HOST = "$(BUILT_PRODUCTS_DIR)/Test1-FDTemplateLayoutCell.app/Test1-FDTemplateLayoutCell";
			};
			name = Debug;
		};
		4D9CEE7A20561C98006FD930 /* Release */ = {
			isa = XCBuildConfiguration;
			buildSettings = {
				BUNDLE_LOADER = "$(TEST_HOST)";
				CODE_SIGN_STYLE = Automatic;
				INFOPLIST_FILE = "Test1-FDTemplateLayoutCellTests/Info.plist";
				LD_RUNPATH_SEARCH_PATHS = "$(inherited) @executable_path/Frameworks @loader_path/Frameworks";
				PRODUCT_BUNDLE_IDENTIFIER = "gfg.Test1-FDTemplateLayoutCellTests";
				PRODUCT_NAME = "$(TARGET_NAME)";
				TARGETED_DEVICE_FAMILY = "1,2";
				TEST_HOST = "$(BUILT_PRODUCTS_DIR)/Test1-FDTemplateLayoutCell.app/Test1-FDTemplateLayoutCell";
			};
			name = Release;
		};
		4D9CEE7C20561C98006FD930 /* Debug */ = {
			isa = XCBuildConfiguration;
			buildSettings = {
				CODE_SIGN_STYLE = Automatic;
				INFOPLIST_FILE = "Test1-FDTemplateLayoutCellUITests/Info.plist";
				LD_RUNPATH_SEARCH_PATHS = "$(inherited) @executable_path/Frameworks @loader_path/Frameworks";
				PRODUCT_BUNDLE_IDENTIFIER = "gfg.Test1-FDTemplateLayoutCellUITests";
				PRODUCT_NAME = "$(TARGET_NAME)";
				TARGETED_DEVICE_FAMILY = "1,2";
				TEST_TARGET_NAME = "Test1-FDTemplateLayoutCell";
			};
			name = Debug;
		};
		4D9CEE7D20561C98006FD930 /* Release */ = {
			isa = XCBuildConfiguration;
			buildSettings = {
				CODE_SIGN_STYLE = Automatic;
				INFOPLIST_FILE = "Test1-FDTemplateLayoutCellUITests/Info.plist";
				LD_RUNPATH_SEARCH_PATHS = "$(inherited) @executable_path/Frameworks @loader_path/Frameworks";
				PRODUCT_BUNDLE_IDENTIFIER = "gfg.Test1-FDTemplateLayoutCellUITests";
				PRODUCT_NAME = "$(TARGET_NAME)";
				TARGETED_DEVICE_FAMILY = "1,2";
				TEST_TARGET_NAME = "Test1-FDTemplateLayoutCell";
			};
			name = Release;
		};
/* End XCBuildConfiguration section */

/* Begin XCConfigurationList section */
		4D9CEE4420561C98006FD930 /* Build configuration list for PBXProject "Test1-FDTemplateLayoutCell" */ = {
			isa = XCConfigurationList;
			buildConfigurations = (
				4D9CEE7320561C98006FD930 /* Debug */,
				4D9CEE7420561C98006FD930 /* Release */,
			);
			defaultConfigurationIsVisible = 0;
			defaultConfigurationName = Release;
		};
		4D9CEE7520561C98006FD930 /* Build configuration list for PBXNativeTarget "Test1-FDTemplateLayoutCell" */ = {
			isa = XCConfigurationList;
			buildConfigurations = (
				4D9CEE7620561C98006FD930 /* Debug */,
				4D9CEE7720561C98006FD930 /* Release */,
			);
			defaultConfigurationIsVisible = 0;
			defaultConfigurationName = Release;
		};
		4D9CEE7820561C98006FD930 /* Build configuration list for PBXNativeTarget "Test1-FDTemplateLayoutCellTests" */ = {
			isa = XCConfigurationList;
			buildConfigurations = (
				4D9CEE7920561C98006FD930 /* Debug */,
				4D9CEE7A20561C98006FD930 /* Release */,
			);
			defaultConfigurationIsVisible = 0;
			defaultConfigurationName = Release;
		};
		4D9CEE7B20561C98006FD930 /* Build configuration list for PBXNativeTarget "Test1-FDTemplateLayoutCellUITests" */ = {
			isa = XCConfigurationList;
			buildConfigurations = (
				4D9CEE7C20561C98006FD930 /* Debug */,
				4D9CEE7D20561C98006FD930 /* Release */,
			);
			defaultConfigurationIsVisible = 0;
			defaultConfigurationName = Release;
		};
/* End XCConfigurationList section */
	};
	rootObject = 4D9CEE4120561C98006FD930 /* Project object */;
}
